# THIS IS AN AUTOGENERATED FILE. DO NOT EDIT THIS FILE DIRECTLY.
# yarn lockfile v1


"@babel/code-frame@^7.0.0", "@babel/code-frame@^7.5.5":
  version "7.5.5"
  resolved "https://registry.yarnpkg.com/@babel/code-frame/-/code-frame-7.5.5.tgz#bc0782f6d69f7b7d49531219699b988f669a8f9d"
  dependencies:
    "@babel/highlight" "^7.0.0"

"@babel/core@^7.5.5":
  version "7.5.5"
  resolved "https://registry.yarnpkg.com/@babel/core/-/core-7.5.5.tgz#17b2686ef0d6bc58f963dddd68ab669755582c30"
  dependencies:
    "@babel/code-frame" "^7.5.5"
    "@babel/generator" "^7.5.5"
    "@babel/helpers" "^7.5.5"
    "@babel/parser" "^7.5.5"
    "@babel/template" "^7.4.4"
    "@babel/traverse" "^7.5.5"
    "@babel/types" "^7.5.5"
    convert-source-map "^1.1.0"
    debug "^4.1.0"
    json5 "^2.1.0"
    lodash "^4.17.13"
    resolve "^1.3.2"
    semver "^5.4.1"
    source-map "^0.5.0"

"@babel/generator@^7.5.5":
  version "7.5.5"
  resolved "https://registry.yarnpkg.com/@babel/generator/-/generator-7.5.5.tgz#873a7f936a3c89491b43536d12245b626664e3cf"
  dependencies:
    "@babel/types" "^7.5.5"
    jsesc "^2.5.1"
    lodash "^4.17.13"
    source-map "^0.5.0"
    trim-right "^1.0.1"

"@babel/helper-annotate-as-pure@^7.0.0":
  version "7.0.0"
  resolved "https://registry.yarnpkg.com/@babel/helper-annotate-as-pure/-/helper-annotate-as-pure-7.0.0.tgz#323d39dd0b50e10c7c06ca7d7638e6864d8c5c32"
  dependencies:
    "@babel/types" "^7.0.0"

"@babel/helper-builder-binary-assignment-operator-visitor@^7.1.0":
  version "7.1.0"
  resolved "https://registry.yarnpkg.com/@babel/helper-builder-binary-assignment-operator-visitor/-/helper-builder-binary-assignment-operator-visitor-7.1.0.tgz#6b69628dfe4087798e0c4ed98e3d4a6b2fbd2f5f"
  dependencies:
    "@babel/helper-explode-assignable-expression" "^7.1.0"
    "@babel/types" "^7.0.0"

"@babel/helper-call-delegate@^7.4.4":
  version "7.4.4"
  resolved "https://registry.yarnpkg.com/@babel/helper-call-delegate/-/helper-call-delegate-7.4.4.tgz#87c1f8ca19ad552a736a7a27b1c1fcf8b1ff1f43"
  dependencies:
    "@babel/helper-hoist-variables" "^7.4.4"
    "@babel/traverse" "^7.4.4"
    "@babel/types" "^7.4.4"

"@babel/helper-define-map@^7.5.5":
  version "7.5.5"
  resolved "https://registry.yarnpkg.com/@babel/helper-define-map/-/helper-define-map-7.5.5.tgz#3dec32c2046f37e09b28c93eb0b103fd2a25d369"
  dependencies:
    "@babel/helper-function-name" "^7.1.0"
    "@babel/types" "^7.5.5"
    lodash "^4.17.13"

"@babel/helper-explode-assignable-expression@^7.1.0":
  version "7.1.0"
  resolved "https://registry.yarnpkg.com/@babel/helper-explode-assignable-expression/-/helper-explode-assignable-expression-7.1.0.tgz#537fa13f6f1674df745b0c00ec8fe4e99681c8f6"
  dependencies:
    "@babel/traverse" "^7.1.0"
    "@babel/types" "^7.0.0"

"@babel/helper-function-name@^7.1.0":
  version "7.1.0"
  resolved "https://registry.yarnpkg.com/@babel/helper-function-name/-/helper-function-name-7.1.0.tgz#a0ceb01685f73355d4360c1247f582bfafc8ff53"
  dependencies:
    "@babel/helper-get-function-arity" "^7.0.0"
    "@babel/template" "^7.1.0"
    "@babel/types" "^7.0.0"

"@babel/helper-get-function-arity@^7.0.0":
  version "7.0.0"
  resolved "https://registry.yarnpkg.com/@babel/helper-get-function-arity/-/helper-get-function-arity-7.0.0.tgz#83572d4320e2a4657263734113c42868b64e49c3"
  dependencies:
    "@babel/types" "^7.0.0"

"@babel/helper-hoist-variables@^7.4.4":
  version "7.4.4"
  resolved "https://registry.yarnpkg.com/@babel/helper-hoist-variables/-/helper-hoist-variables-7.4.4.tgz#0298b5f25c8c09c53102d52ac4a98f773eb2850a"
  dependencies:
    "@babel/types" "^7.4.4"

"@babel/helper-member-expression-to-functions@^7.5.5":
  version "7.5.5"
  resolved "https://registry.yarnpkg.com/@babel/helper-member-expression-to-functions/-/helper-member-expression-to-functions-7.5.5.tgz#1fb5b8ec4453a93c439ee9fe3aeea4a84b76b590"
  dependencies:
    "@babel/types" "^7.5.5"

"@babel/helper-module-imports@^7.0.0":
  version "7.0.0"
  resolved "https://registry.yarnpkg.com/@babel/helper-module-imports/-/helper-module-imports-7.0.0.tgz#96081b7111e486da4d2cd971ad1a4fe216cc2e3d"
  dependencies:
    "@babel/types" "^7.0.0"

"@babel/helper-module-transforms@^7.1.0", "@babel/helper-module-transforms@^7.4.4":
  version "7.5.5"
  resolved "https://registry.yarnpkg.com/@babel/helper-module-transforms/-/helper-module-transforms-7.5.5.tgz#f84ff8a09038dcbca1fd4355661a500937165b4a"
  dependencies:
    "@babel/helper-module-imports" "^7.0.0"
    "@babel/helper-simple-access" "^7.1.0"
    "@babel/helper-split-export-declaration" "^7.4.4"
    "@babel/template" "^7.4.4"
    "@babel/types" "^7.5.5"
    lodash "^4.17.13"

"@babel/helper-optimise-call-expression@^7.0.0":
  version "7.0.0"
  resolved "https://registry.yarnpkg.com/@babel/helper-optimise-call-expression/-/helper-optimise-call-expression-7.0.0.tgz#a2920c5702b073c15de51106200aa8cad20497d5"
  dependencies:
    "@babel/types" "^7.0.0"

"@babel/helper-plugin-utils@^7.0.0":
  version "7.0.0"
  resolved "https://registry.yarnpkg.com/@babel/helper-plugin-utils/-/helper-plugin-utils-7.0.0.tgz#bbb3fbee98661c569034237cc03967ba99b4f250"

"@babel/helper-regex@^7.0.0", "@babel/helper-regex@^7.4.4":
  version "7.5.5"
  resolved "https://registry.yarnpkg.com/@babel/helper-regex/-/helper-regex-7.5.5.tgz#0aa6824f7100a2e0e89c1527c23936c152cab351"
  dependencies:
    lodash "^4.17.13"

"@babel/helper-remap-async-to-generator@^7.1.0":
  version "7.1.0"
  resolved "https://registry.yarnpkg.com/@babel/helper-remap-async-to-generator/-/helper-remap-async-to-generator-7.1.0.tgz#361d80821b6f38da75bd3f0785ece20a88c5fe7f"
  dependencies:
    "@babel/helper-annotate-as-pure" "^7.0.0"
    "@babel/helper-wrap-function" "^7.1.0"
    "@babel/template" "^7.1.0"
    "@babel/traverse" "^7.1.0"
    "@babel/types" "^7.0.0"

"@babel/helper-replace-supers@^7.5.5":
  version "7.5.5"
  resolved "https://registry.yarnpkg.com/@babel/helper-replace-supers/-/helper-replace-supers-7.5.5.tgz#f84ce43df031222d2bad068d2626cb5799c34bc2"
  dependencies:
    "@babel/helper-member-expression-to-functions" "^7.5.5"
    "@babel/helper-optimise-call-expression" "^7.0.0"
    "@babel/traverse" "^7.5.5"
    "@babel/types" "^7.5.5"

"@babel/helper-simple-access@^7.1.0":
  version "7.1.0"
  resolved "https://registry.yarnpkg.com/@babel/helper-simple-access/-/helper-simple-access-7.1.0.tgz#65eeb954c8c245beaa4e859da6188f39d71e585c"
  dependencies:
    "@babel/template" "^7.1.0"
    "@babel/types" "^7.0.0"

"@babel/helper-split-export-declaration@^7.4.4":
  version "7.4.4"
  resolved "https://registry.yarnpkg.com/@babel/helper-split-export-declaration/-/helper-split-export-declaration-7.4.4.tgz#ff94894a340be78f53f06af038b205c49d993677"
  dependencies:
    "@babel/types" "^7.4.4"

"@babel/helper-wrap-function@^7.1.0":
  version "7.2.0"
  resolved "https://registry.yarnpkg.com/@babel/helper-wrap-function/-/helper-wrap-function-7.2.0.tgz#c4e0012445769e2815b55296ead43a958549f6fa"
  dependencies:
    "@babel/helper-function-name" "^7.1.0"
    "@babel/template" "^7.1.0"
    "@babel/traverse" "^7.1.0"
    "@babel/types" "^7.2.0"

"@babel/helpers@^7.5.5":
  version "7.5.5"
  resolved "https://registry.yarnpkg.com/@babel/helpers/-/helpers-7.5.5.tgz#63908d2a73942229d1e6685bc2a0e730dde3b75e"
  dependencies:
    "@babel/template" "^7.4.4"
    "@babel/traverse" "^7.5.5"
    "@babel/types" "^7.5.5"

"@babel/highlight@^7.0.0":
  version "7.5.0"
  resolved "https://registry.yarnpkg.com/@babel/highlight/-/highlight-7.5.0.tgz#56d11312bd9248fa619591d02472be6e8cb32540"
  dependencies:
    chalk "^2.0.0"
    esutils "^2.0.2"
    js-tokens "^4.0.0"

"@babel/parser@^7.4.4", "@babel/parser@^7.5.5":
  version "7.5.5"
  resolved "https://registry.yarnpkg.com/@babel/parser/-/parser-7.5.5.tgz#02f077ac8817d3df4a832ef59de67565e71cca4b"

"@babel/plugin-proposal-async-generator-functions@^7.2.0":
  version "7.2.0"
  resolved "https://registry.yarnpkg.com/@babel/plugin-proposal-async-generator-functions/-/plugin-proposal-async-generator-functions-7.2.0.tgz#b289b306669dce4ad20b0252889a15768c9d417e"
  dependencies:
    "@babel/helper-plugin-utils" "^7.0.0"
    "@babel/helper-remap-async-to-generator" "^7.1.0"
    "@babel/plugin-syntax-async-generators" "^7.2.0"

"@babel/plugin-proposal-dynamic-import@^7.5.0":
  version "7.5.0"
  resolved "https://registry.yarnpkg.com/@babel/plugin-proposal-dynamic-import/-/plugin-proposal-dynamic-import-7.5.0.tgz#e532202db4838723691b10a67b8ce509e397c506"
  dependencies:
    "@babel/helper-plugin-utils" "^7.0.0"
    "@babel/plugin-syntax-dynamic-import" "^7.2.0"

"@babel/plugin-proposal-json-strings@^7.2.0":
  version "7.2.0"
  resolved "https://registry.yarnpkg.com/@babel/plugin-proposal-json-strings/-/plugin-proposal-json-strings-7.2.0.tgz#568ecc446c6148ae6b267f02551130891e29f317"
  dependencies:
    "@babel/helper-plugin-utils" "^7.0.0"
    "@babel/plugin-syntax-json-strings" "^7.2.0"

"@babel/plugin-proposal-object-rest-spread@^7.5.5":
  version "7.5.5"
  resolved "https://registry.yarnpkg.com/@babel/plugin-proposal-object-rest-spread/-/plugin-proposal-object-rest-spread-7.5.5.tgz#61939744f71ba76a3ae46b5eea18a54c16d22e58"
  dependencies:
    "@babel/helper-plugin-utils" "^7.0.0"
    "@babel/plugin-syntax-object-rest-spread" "^7.2.0"

"@babel/plugin-proposal-optional-catch-binding@^7.2.0":
  version "7.2.0"
  resolved "https://registry.yarnpkg.com/@babel/plugin-proposal-optional-catch-binding/-/plugin-proposal-optional-catch-binding-7.2.0.tgz#135d81edb68a081e55e56ec48541ece8065c38f5"
  dependencies:
    "@babel/helper-plugin-utils" "^7.0.0"
    "@babel/plugin-syntax-optional-catch-binding" "^7.2.0"

"@babel/plugin-proposal-unicode-property-regex@^7.4.4":
  version "7.4.4"
  resolved "https://registry.yarnpkg.com/@babel/plugin-proposal-unicode-property-regex/-/plugin-proposal-unicode-property-regex-7.4.4.tgz#501ffd9826c0b91da22690720722ac7cb1ca9c78"
  dependencies:
    "@babel/helper-plugin-utils" "^7.0.0"
    "@babel/helper-regex" "^7.4.4"
    regexpu-core "^4.5.4"

"@babel/plugin-syntax-async-generators@^7.2.0":
  version "7.2.0"
  resolved "https://registry.yarnpkg.com/@babel/plugin-syntax-async-generators/-/plugin-syntax-async-generators-7.2.0.tgz#69e1f0db34c6f5a0cf7e2b3323bf159a76c8cb7f"
  dependencies:
    "@babel/helper-plugin-utils" "^7.0.0"

"@babel/plugin-syntax-dynamic-import@^7.2.0":
  version "7.2.0"
  resolved "https://registry.yarnpkg.com/@babel/plugin-syntax-dynamic-import/-/plugin-syntax-dynamic-import-7.2.0.tgz#69c159ffaf4998122161ad8ebc5e6d1f55df8612"
  dependencies:
    "@babel/helper-plugin-utils" "^7.0.0"

"@babel/plugin-syntax-json-strings@^7.2.0":
  version "7.2.0"
  resolved "https://registry.yarnpkg.com/@babel/plugin-syntax-json-strings/-/plugin-syntax-json-strings-7.2.0.tgz#72bd13f6ffe1d25938129d2a186b11fd62951470"
  dependencies:
    "@babel/helper-plugin-utils" "^7.0.0"

"@babel/plugin-syntax-object-rest-spread@^7.2.0":
  version "7.2.0"
  resolved "https://registry.yarnpkg.com/@babel/plugin-syntax-object-rest-spread/-/plugin-syntax-object-rest-spread-7.2.0.tgz#3b7a3e733510c57e820b9142a6579ac8b0dfad2e"
  dependencies:
    "@babel/helper-plugin-utils" "^7.0.0"

"@babel/plugin-syntax-optional-catch-binding@^7.2.0":
  version "7.2.0"
  resolved "https://registry.yarnpkg.com/@babel/plugin-syntax-optional-catch-binding/-/plugin-syntax-optional-catch-binding-7.2.0.tgz#a94013d6eda8908dfe6a477e7f9eda85656ecf5c"
  dependencies:
    "@babel/helper-plugin-utils" "^7.0.0"

"@babel/plugin-transform-arrow-functions@^7.2.0":
  version "7.2.0"
  resolved "https://registry.yarnpkg.com/@babel/plugin-transform-arrow-functions/-/plugin-transform-arrow-functions-7.2.0.tgz#9aeafbe4d6ffc6563bf8f8372091628f00779550"
  dependencies:
    "@babel/helper-plugin-utils" "^7.0.0"

"@babel/plugin-transform-async-to-generator@^7.5.0":
  version "7.5.0"
  resolved "https://registry.yarnpkg.com/@babel/plugin-transform-async-to-generator/-/plugin-transform-async-to-generator-7.5.0.tgz#89a3848a0166623b5bc481164b5936ab947e887e"
  dependencies:
    "@babel/helper-module-imports" "^7.0.0"
    "@babel/helper-plugin-utils" "^7.0.0"
    "@babel/helper-remap-async-to-generator" "^7.1.0"

"@babel/plugin-transform-block-scoped-functions@^7.2.0":
  version "7.2.0"
  resolved "https://registry.yarnpkg.com/@babel/plugin-transform-block-scoped-functions/-/plugin-transform-block-scoped-functions-7.2.0.tgz#5d3cc11e8d5ddd752aa64c9148d0db6cb79fd190"
  dependencies:
    "@babel/helper-plugin-utils" "^7.0.0"

"@babel/plugin-transform-block-scoping@^7.5.5":
  version "7.5.5"
  resolved "https://registry.yarnpkg.com/@babel/plugin-transform-block-scoping/-/plugin-transform-block-scoping-7.5.5.tgz#a35f395e5402822f10d2119f6f8e045e3639a2ce"
  dependencies:
    "@babel/helper-plugin-utils" "^7.0.0"
    lodash "^4.17.13"

"@babel/plugin-transform-classes@^7.5.5":
  version "7.5.5"
  resolved "https://registry.yarnpkg.com/@babel/plugin-transform-classes/-/plugin-transform-classes-7.5.5.tgz#d094299d9bd680a14a2a0edae38305ad60fb4de9"
  dependencies:
    "@babel/helper-annotate-as-pure" "^7.0.0"
    "@babel/helper-define-map" "^7.5.5"
    "@babel/helper-function-name" "^7.1.0"
    "@babel/helper-optimise-call-expression" "^7.0.0"
    "@babel/helper-plugin-utils" "^7.0.0"
    "@babel/helper-replace-supers" "^7.5.5"
    "@babel/helper-split-export-declaration" "^7.4.4"
    globals "^11.1.0"

"@babel/plugin-transform-computed-properties@^7.2.0":
  version "7.2.0"
  resolved "https://registry.yarnpkg.com/@babel/plugin-transform-computed-properties/-/plugin-transform-computed-properties-7.2.0.tgz#83a7df6a658865b1c8f641d510c6f3af220216da"
  dependencies:
    "@babel/helper-plugin-utils" "^7.0.0"

"@babel/plugin-transform-destructuring@^7.5.0":
  version "7.5.0"
  resolved "https://registry.yarnpkg.com/@babel/plugin-transform-destructuring/-/plugin-transform-destructuring-7.5.0.tgz#f6c09fdfe3f94516ff074fe877db7bc9ef05855a"
  dependencies:
    "@babel/helper-plugin-utils" "^7.0.0"

"@babel/plugin-transform-dotall-regex@^7.4.4":
  version "7.4.4"
  resolved "https://registry.yarnpkg.com/@babel/plugin-transform-dotall-regex/-/plugin-transform-dotall-regex-7.4.4.tgz#361a148bc951444312c69446d76ed1ea8e4450c3"
  dependencies:
    "@babel/helper-plugin-utils" "^7.0.0"
    "@babel/helper-regex" "^7.4.4"
    regexpu-core "^4.5.4"

"@babel/plugin-transform-duplicate-keys@^7.5.0":
  version "7.5.0"
  resolved "https://registry.yarnpkg.com/@babel/plugin-transform-duplicate-keys/-/plugin-transform-duplicate-keys-7.5.0.tgz#c5dbf5106bf84cdf691222c0974c12b1df931853"
  dependencies:
    "@babel/helper-plugin-utils" "^7.0.0"

"@babel/plugin-transform-exponentiation-operator@^7.2.0":
  version "7.2.0"
  resolved "https://registry.yarnpkg.com/@babel/plugin-transform-exponentiation-operator/-/plugin-transform-exponentiation-operator-7.2.0.tgz#a63868289e5b4007f7054d46491af51435766008"
  dependencies:
    "@babel/helper-builder-binary-assignment-operator-visitor" "^7.1.0"
    "@babel/helper-plugin-utils" "^7.0.0"

"@babel/plugin-transform-for-of@^7.4.4":
  version "7.4.4"
  resolved "https://registry.yarnpkg.com/@babel/plugin-transform-for-of/-/plugin-transform-for-of-7.4.4.tgz#0267fc735e24c808ba173866c6c4d1440fc3c556"
  dependencies:
    "@babel/helper-plugin-utils" "^7.0.0"

"@babel/plugin-transform-function-name@^7.4.4":
  version "7.4.4"
  resolved "https://registry.yarnpkg.com/@babel/plugin-transform-function-name/-/plugin-transform-function-name-7.4.4.tgz#e1436116abb0610c2259094848754ac5230922ad"
  dependencies:
    "@babel/helper-function-name" "^7.1.0"
    "@babel/helper-plugin-utils" "^7.0.0"

"@babel/plugin-transform-literals@^7.2.0":
  version "7.2.0"
  resolved "https://registry.yarnpkg.com/@babel/plugin-transform-literals/-/plugin-transform-literals-7.2.0.tgz#690353e81f9267dad4fd8cfd77eafa86aba53ea1"
  dependencies:
    "@babel/helper-plugin-utils" "^7.0.0"

"@babel/plugin-transform-member-expression-literals@^7.2.0":
  version "7.2.0"
  resolved "https://registry.yarnpkg.com/@babel/plugin-transform-member-expression-literals/-/plugin-transform-member-expression-literals-7.2.0.tgz#fa10aa5c58a2cb6afcf2c9ffa8cb4d8b3d489a2d"
  dependencies:
    "@babel/helper-plugin-utils" "^7.0.0"

"@babel/plugin-transform-modules-amd@^7.5.0":
  version "7.5.0"
  resolved "https://registry.yarnpkg.com/@babel/plugin-transform-modules-amd/-/plugin-transform-modules-amd-7.5.0.tgz#ef00435d46da0a5961aa728a1d2ecff063e4fb91"
  dependencies:
    "@babel/helper-module-transforms" "^7.1.0"
    "@babel/helper-plugin-utils" "^7.0.0"
    babel-plugin-dynamic-import-node "^2.3.0"

"@babel/plugin-transform-modules-commonjs@^7.5.0":
  version "7.5.0"
  resolved "https://registry.yarnpkg.com/@babel/plugin-transform-modules-commonjs/-/plugin-transform-modules-commonjs-7.5.0.tgz#425127e6045231360858eeaa47a71d75eded7a74"
  dependencies:
    "@babel/helper-module-transforms" "^7.4.4"
    "@babel/helper-plugin-utils" "^7.0.0"
    "@babel/helper-simple-access" "^7.1.0"
    babel-plugin-dynamic-import-node "^2.3.0"

"@babel/plugin-transform-modules-systemjs@^7.5.0":
  version "7.5.0"
  resolved "https://registry.yarnpkg.com/@babel/plugin-transform-modules-systemjs/-/plugin-transform-modules-systemjs-7.5.0.tgz#e75266a13ef94202db2a0620977756f51d52d249"
  dependencies:
    "@babel/helper-hoist-variables" "^7.4.4"
    "@babel/helper-plugin-utils" "^7.0.0"
    babel-plugin-dynamic-import-node "^2.3.0"

"@babel/plugin-transform-modules-umd@^7.2.0":
  version "7.2.0"
  resolved "https://registry.yarnpkg.com/@babel/plugin-transform-modules-umd/-/plugin-transform-modules-umd-7.2.0.tgz#7678ce75169f0877b8eb2235538c074268dd01ae"
  dependencies:
    "@babel/helper-module-transforms" "^7.1.0"
    "@babel/helper-plugin-utils" "^7.0.0"

"@babel/plugin-transform-named-capturing-groups-regex@^7.4.5":
  version "7.4.5"
  resolved "https://registry.yarnpkg.com/@babel/plugin-transform-named-capturing-groups-regex/-/plugin-transform-named-capturing-groups-regex-7.4.5.tgz#9d269fd28a370258199b4294736813a60bbdd106"
  dependencies:
    regexp-tree "^0.1.6"

"@babel/plugin-transform-new-target@^7.4.4":
  version "7.4.4"
  resolved "https://registry.yarnpkg.com/@babel/plugin-transform-new-target/-/plugin-transform-new-target-7.4.4.tgz#18d120438b0cc9ee95a47f2c72bc9768fbed60a5"
  dependencies:
    "@babel/helper-plugin-utils" "^7.0.0"

"@babel/plugin-transform-object-super@^7.5.5":
  version "7.5.5"
  resolved "https://registry.yarnpkg.com/@babel/plugin-transform-object-super/-/plugin-transform-object-super-7.5.5.tgz#c70021df834073c65eb613b8679cc4a381d1a9f9"
  dependencies:
    "@babel/helper-plugin-utils" "^7.0.0"
    "@babel/helper-replace-supers" "^7.5.5"

"@babel/plugin-transform-parameters@^7.4.4":
  version "7.4.4"
  resolved "https://registry.yarnpkg.com/@babel/plugin-transform-parameters/-/plugin-transform-parameters-7.4.4.tgz#7556cf03f318bd2719fe4c922d2d808be5571e16"
  dependencies:
    "@babel/helper-call-delegate" "^7.4.4"
    "@babel/helper-get-function-arity" "^7.0.0"
    "@babel/helper-plugin-utils" "^7.0.0"

"@babel/plugin-transform-property-literals@^7.2.0":
  version "7.2.0"
  resolved "https://registry.yarnpkg.com/@babel/plugin-transform-property-literals/-/plugin-transform-property-literals-7.2.0.tgz#03e33f653f5b25c4eb572c98b9485055b389e905"
  dependencies:
    "@babel/helper-plugin-utils" "^7.0.0"

"@babel/plugin-transform-regenerator@^7.4.5":
  version "7.4.5"
  resolved "https://registry.yarnpkg.com/@babel/plugin-transform-regenerator/-/plugin-transform-regenerator-7.4.5.tgz#629dc82512c55cee01341fb27bdfcb210354680f"
  dependencies:
    regenerator-transform "^0.14.0"

"@babel/plugin-transform-reserved-words@^7.2.0":
  version "7.2.0"
  resolved "https://registry.yarnpkg.com/@babel/plugin-transform-reserved-words/-/plugin-transform-reserved-words-7.2.0.tgz#4792af87c998a49367597d07fedf02636d2e1634"
  dependencies:
    "@babel/helper-plugin-utils" "^7.0.0"

"@babel/plugin-transform-shorthand-properties@^7.2.0":
  version "7.2.0"
  resolved "https://registry.yarnpkg.com/@babel/plugin-transform-shorthand-properties/-/plugin-transform-shorthand-properties-7.2.0.tgz#6333aee2f8d6ee7e28615457298934a3b46198f0"
  dependencies:
    "@babel/helper-plugin-utils" "^7.0.0"

"@babel/plugin-transform-spread@^7.2.0":
  version "7.2.2"
  resolved "https://registry.yarnpkg.com/@babel/plugin-transform-spread/-/plugin-transform-spread-7.2.2.tgz#3103a9abe22f742b6d406ecd3cd49b774919b406"
  dependencies:
    "@babel/helper-plugin-utils" "^7.0.0"

"@babel/plugin-transform-sticky-regex@^7.2.0":
  version "7.2.0"
  resolved "https://registry.yarnpkg.com/@babel/plugin-transform-sticky-regex/-/plugin-transform-sticky-regex-7.2.0.tgz#a1e454b5995560a9c1e0d537dfc15061fd2687e1"
  dependencies:
    "@babel/helper-plugin-utils" "^7.0.0"
    "@babel/helper-regex" "^7.0.0"

"@babel/plugin-transform-template-literals@^7.4.4":
  version "7.4.4"
  resolved "https://registry.yarnpkg.com/@babel/plugin-transform-template-literals/-/plugin-transform-template-literals-7.4.4.tgz#9d28fea7bbce637fb7612a0750989d8321d4bcb0"
  dependencies:
    "@babel/helper-annotate-as-pure" "^7.0.0"
    "@babel/helper-plugin-utils" "^7.0.0"

"@babel/plugin-transform-typeof-symbol@^7.2.0":
  version "7.2.0"
  resolved "https://registry.yarnpkg.com/@babel/plugin-transform-typeof-symbol/-/plugin-transform-typeof-symbol-7.2.0.tgz#117d2bcec2fbf64b4b59d1f9819894682d29f2b2"
  dependencies:
    "@babel/helper-plugin-utils" "^7.0.0"

"@babel/plugin-transform-unicode-regex@^7.4.4":
  version "7.4.4"
  resolved "https://registry.yarnpkg.com/@babel/plugin-transform-unicode-regex/-/plugin-transform-unicode-regex-7.4.4.tgz#ab4634bb4f14d36728bf5978322b35587787970f"
  dependencies:
    "@babel/helper-plugin-utils" "^7.0.0"
    "@babel/helper-regex" "^7.4.4"
    regexpu-core "^4.5.4"

"@babel/preset-env@^7.5.5":
  version "7.5.5"
  resolved "https://registry.yarnpkg.com/@babel/preset-env/-/preset-env-7.5.5.tgz#bc470b53acaa48df4b8db24a570d6da1fef53c9a"
  dependencies:
    "@babel/helper-module-imports" "^7.0.0"
    "@babel/helper-plugin-utils" "^7.0.0"
    "@babel/plugin-proposal-async-generator-functions" "^7.2.0"
    "@babel/plugin-proposal-dynamic-import" "^7.5.0"
    "@babel/plugin-proposal-json-strings" "^7.2.0"
    "@babel/plugin-proposal-object-rest-spread" "^7.5.5"
    "@babel/plugin-proposal-optional-catch-binding" "^7.2.0"
    "@babel/plugin-proposal-unicode-property-regex" "^7.4.4"
    "@babel/plugin-syntax-async-generators" "^7.2.0"
    "@babel/plugin-syntax-dynamic-import" "^7.2.0"
    "@babel/plugin-syntax-json-strings" "^7.2.0"
    "@babel/plugin-syntax-object-rest-spread" "^7.2.0"
    "@babel/plugin-syntax-optional-catch-binding" "^7.2.0"
    "@babel/plugin-transform-arrow-functions" "^7.2.0"
    "@babel/plugin-transform-async-to-generator" "^7.5.0"
    "@babel/plugin-transform-block-scoped-functions" "^7.2.0"
    "@babel/plugin-transform-block-scoping" "^7.5.5"
    "@babel/plugin-transform-classes" "^7.5.5"
    "@babel/plugin-transform-computed-properties" "^7.2.0"
    "@babel/plugin-transform-destructuring" "^7.5.0"
    "@babel/plugin-transform-dotall-regex" "^7.4.4"
    "@babel/plugin-transform-duplicate-keys" "^7.5.0"
    "@babel/plugin-transform-exponentiation-operator" "^7.2.0"
    "@babel/plugin-transform-for-of" "^7.4.4"
    "@babel/plugin-transform-function-name" "^7.4.4"
    "@babel/plugin-transform-literals" "^7.2.0"
    "@babel/plugin-transform-member-expression-literals" "^7.2.0"
    "@babel/plugin-transform-modules-amd" "^7.5.0"
    "@babel/plugin-transform-modules-commonjs" "^7.5.0"
    "@babel/plugin-transform-modules-systemjs" "^7.5.0"
    "@babel/plugin-transform-modules-umd" "^7.2.0"
    "@babel/plugin-transform-named-capturing-groups-regex" "^7.4.5"
    "@babel/plugin-transform-new-target" "^7.4.4"
    "@babel/plugin-transform-object-super" "^7.5.5"
    "@babel/plugin-transform-parameters" "^7.4.4"
    "@babel/plugin-transform-property-literals" "^7.2.0"
    "@babel/plugin-transform-regenerator" "^7.4.5"
    "@babel/plugin-transform-reserved-words" "^7.2.0"
    "@babel/plugin-transform-shorthand-properties" "^7.2.0"
    "@babel/plugin-transform-spread" "^7.2.0"
    "@babel/plugin-transform-sticky-regex" "^7.2.0"
    "@babel/plugin-transform-template-literals" "^7.4.4"
    "@babel/plugin-transform-typeof-symbol" "^7.2.0"
    "@babel/plugin-transform-unicode-regex" "^7.4.4"
    "@babel/types" "^7.5.5"
    browserslist "^4.6.0"
    core-js-compat "^3.1.1"
    invariant "^2.2.2"
    js-levenshtein "^1.1.3"
    semver "^5.5.0"

"@babel/template@^7.1.0", "@babel/template@^7.4.4":
  version "7.4.4"
  resolved "https://registry.yarnpkg.com/@babel/template/-/template-7.4.4.tgz#f4b88d1225689a08f5bc3a17483545be9e4ed237"
  dependencies:
    "@babel/code-frame" "^7.0.0"
    "@babel/parser" "^7.4.4"
    "@babel/types" "^7.4.4"

"@babel/traverse@^7.1.0", "@babel/traverse@^7.4.4", "@babel/traverse@^7.5.5":
  version "7.5.5"
  resolved "https://registry.yarnpkg.com/@babel/traverse/-/traverse-7.5.5.tgz#f664f8f368ed32988cd648da9f72d5ca70f165bb"
  dependencies:
    "@babel/code-frame" "^7.5.5"
    "@babel/generator" "^7.5.5"
    "@babel/helper-function-name" "^7.1.0"
    "@babel/helper-split-export-declaration" "^7.4.4"
    "@babel/parser" "^7.5.5"
    "@babel/types" "^7.5.5"
    debug "^4.1.0"
    globals "^11.1.0"
    lodash "^4.17.13"

"@babel/types@^7.0.0", "@babel/types@^7.2.0", "@babel/types@^7.4.4", "@babel/types@^7.5.5":
  version "7.5.5"
  resolved "https://registry.yarnpkg.com/@babel/types/-/types-7.5.5.tgz#97b9f728e182785909aa4ab56264f090a028d18a"
  dependencies:
    esutils "^2.0.2"
    lodash "^4.17.13"
    to-fast-properties "^2.0.0"

"@types/estree@0.0.39":
  version "0.0.39"
  resolved "https://registry.yarnpkg.com/@types/estree/-/estree-0.0.39.tgz#e177e699ee1b8c22d23174caaa7422644389509f"

"@types/node@*", "@types/node@^12.6.9":
  version "12.7.1"
  resolved "https://registry.yarnpkg.com/@types/node/-/node-12.7.1.tgz#3b5c3a26393c19b400844ac422bd0f631a94d69d"

"@types/resolve@0.0.8":
  version "0.0.8"
  resolved "https://registry.yarnpkg.com/@types/resolve/-/resolve-0.0.8.tgz#f26074d238e02659e323ce1a13d041eee280e194"
  dependencies:
    "@types/node" "*"

acorn@^6.2.1:
  version "6.4.1"
  resolved "https://registry.yarnpkg.com/acorn/-/acorn-6.4.1.tgz#531e58ba3f51b9dacb9a6646ca4debf5b14ca474"

ansi-styles@^3.2.1:
  version "3.2.1"
  resolved "https://registry.yarnpkg.com/ansi-styles/-/ansi-styles-3.2.1.tgz#41fbb20243e50b12be0f04b8dedbf07520ce841d"
  dependencies:
    color-convert "^1.9.0"

babel-plugin-dynamic-import-node@^2.3.0:
  version "2.3.0"
  resolved "https://registry.yarnpkg.com/babel-plugin-dynamic-import-node/-/babel-plugin-dynamic-import-node-2.3.0.tgz#f00f507bdaa3c3e3ff6e7e5e98d90a7acab96f7f"
  dependencies:
    object.assign "^4.1.0"

balanced-match@^1.0.0:
  version "1.0.0"
  resolved "https://registry.yarnpkg.com/balanced-match/-/balanced-match-1.0.0.tgz#89b4d199ab2bee49de164ea02b89ce462d71b767"

brace-expansion@^1.1.7:
  version "1.1.11"
  resolved "https://registry.yarnpkg.com/brace-expansion/-/brace-expansion-1.1.11.tgz#3c7fcbf529d87226f3d2f52b966ff5271eb441dd"
  dependencies:
    balanced-match "^1.0.0"
    concat-map "0.0.1"

browserslist@^4.6.0, browserslist@^4.6.6:
  version "4.6.6"
  resolved "https://registry.yarnpkg.com/browserslist/-/browserslist-4.6.6.tgz#6e4bf467cde520bc9dbdf3747dafa03531cec453"
  dependencies:
    caniuse-lite "^1.0.30000984"
    electron-to-chromium "^1.3.191"
    node-releases "^1.1.25"

builtin-modules@^3.1.0:
  version "3.1.0"
  resolved "https://registry.yarnpkg.com/builtin-modules/-/builtin-modules-3.1.0.tgz#aad97c15131eb76b65b50ef208e7584cd76a7484"

caniuse-lite@^1.0.30000984:
  version "1.0.30000989"
  resolved "https://registry.yarnpkg.com/caniuse-lite/-/caniuse-lite-1.0.30000989.tgz#b9193e293ccf7e4426c5245134b8f2a56c0ac4b9"

chalk@^2.0.0:
  version "2.4.2"
  resolved "https://registry.yarnpkg.com/chalk/-/chalk-2.4.2.tgz#cd42541677a54333cf541a49108c1432b44c9424"
  dependencies:
    ansi-styles "^3.2.1"
    escape-string-regexp "^1.0.5"
    supports-color "^5.3.0"

color-convert@^1.9.0:
  version "1.9.3"
  resolved "https://registry.yarnpkg.com/color-convert/-/color-convert-1.9.3.tgz#bb71850690e1f136567de629d2d5471deda4c1e8"
  dependencies:
    color-name "1.1.3"

color-name@1.1.3:
  version "1.1.3"
  resolved "https://registry.yarnpkg.com/color-name/-/color-name-1.1.3.tgz#a7d0558bd89c42f795dd42328f740831ca53bc25"

concat-map@0.0.1:
  version "0.0.1"
  resolved "https://registry.yarnpkg.com/concat-map/-/concat-map-0.0.1.tgz#d8a96bd77fd68df7793a73036a3ba0d5405d477b"

convert-source-map@^1.1.0:
  version "1.6.0"
  resolved "https://registry.yarnpkg.com/convert-source-map/-/convert-source-map-1.6.0.tgz#51b537a8c43e0f04dec1993bffcdd504e758ac20"
  dependencies:
    safe-buffer "~5.1.1"

core-js-compat@^3.1.1:
  version "3.2.1"
  resolved "https://registry.yarnpkg.com/core-js-compat/-/core-js-compat-3.2.1.tgz#0cbdbc2e386e8e00d3b85dc81c848effec5b8150"
  dependencies:
    browserslist "^4.6.6"
    semver "^6.3.0"

debug@^4.1.0:
  version "4.1.1"
  resolved "https://registry.yarnpkg.com/debug/-/debug-4.1.1.tgz#3b72260255109c6b589cee050f1d516139664791"
  dependencies:
    ms "^2.1.1"

define-properties@^1.1.2:
  version "1.1.3"
  resolved "https://registry.yarnpkg.com/define-properties/-/define-properties-1.1.3.tgz#cf88da6cbee26fe6db7094f61d870cbd84cee9f1"
  dependencies:
    object-keys "^1.0.12"

electron-to-chromium@^1.3.191:
  version "1.3.225"
  resolved "https://registry.yarnpkg.com/electron-to-chromium/-/electron-to-chromium-1.3.225.tgz#c6786475b5eb5f491ade01a78b82ba2c5bfdf72b"

escape-string-regexp@^1.0.5:
  version "1.0.5"
  resolved "https://registry.yarnpkg.com/escape-string-regexp/-/escape-string-regexp-1.0.5.tgz#1b61c0562190a8dff6ae3bb2cf0200ca130b86d4"

estree-walker@^0.6.1:
  version "0.6.1"
  resolved "https://registry.yarnpkg.com/estree-walker/-/estree-walker-0.6.1.tgz#53049143f40c6eb918b23671d1fe3219f3a1b362"

esutils@^2.0.2:
  version "2.0.3"
  resolved "https://registry.yarnpkg.com/esutils/-/esutils-2.0.3.tgz#74d2eb4de0b8da1293711910d50775b9b710ef64"

fs.realpath@^1.0.0:
  version "1.0.0"
  resolved "https://registry.yarnpkg.com/fs.realpath/-/fs.realpath-1.0.0.tgz#1504ad2523158caa40db4a2787cb01411994ea4f"

function-bind@^1.1.1:
  version "1.1.1"
  resolved "https://registry.yarnpkg.com/function-bind/-/function-bind-1.1.1.tgz#a56899d3ea3c9bab874bb9773b7c5ede92f4895d"

glob@^7.1.3:
  version "7.1.4"
  resolved "https://registry.yarnpkg.com/glob/-/glob-7.1.4.tgz#aa608a2f6c577ad357e1ae5a5c26d9a8d1969255"
  dependencies:
    fs.realpath "^1.0.0"
    inflight "^1.0.4"
    inherits "2"
    minimatch "^3.0.4"
    once "^1.3.0"
    path-is-absolute "^1.0.0"

globals@^11.1.0:
  version "11.12.0"
  resolved "https://registry.yarnpkg.com/globals/-/globals-11.12.0.tgz#ab8795338868a0babd8525758018c2a7eb95c42e"

has-flag@^3.0.0:
  version "3.0.0"
  resolved "https://registry.yarnpkg.com/has-flag/-/has-flag-3.0.0.tgz#b5d454dc2199ae225699f3467e5a07f3b955bafd"

has-symbols@^1.0.0:
  version "1.0.0"
  resolved "https://registry.yarnpkg.com/has-symbols/-/has-symbols-1.0.0.tgz#ba1a8f1af2a0fc39650f5c850367704122063b44"

inflight@^1.0.4:
  version "1.0.6"
  resolved "https://registry.yarnpkg.com/inflight/-/inflight-1.0.6.tgz#49bd6331d7d02d0c09bc910a1075ba8165b56df9"
  dependencies:
    once "^1.3.0"
    wrappy "1"

inherits@2:
  version "2.0.4"
  resolved "https://registry.yarnpkg.com/inherits/-/inherits-2.0.4.tgz#0fa2c64f932917c3433a0ded55363aae37416b7c"

invariant@^2.2.2:
  version "2.2.4"
  resolved "https://registry.yarnpkg.com/invariant/-/invariant-2.2.4.tgz#610f3c92c9359ce1db616e538008d23ff35158e6"
  dependencies:
    loose-envify "^1.0.0"

is-module@^1.0.0:
  version "1.0.0"
  resolved "https://registry.yarnpkg.com/is-module/-/is-module-1.0.0.tgz#3258fb69f78c14d5b815d664336b4cffb6441591"

is-reference@^1.1.2:
  version "1.1.3"
  resolved "https://registry.yarnpkg.com/is-reference/-/is-reference-1.1.3.tgz#e99059204b66fdbe09305cfca715a29caa5c8a51"
  dependencies:
    "@types/estree" "0.0.39"

js-cleanup@^1.0.1:
  version "1.0.1"
  resolved "https://registry.yarnpkg.com/js-cleanup/-/js-cleanup-1.0.1.tgz#1d38080c7ee92e1d2d2b94054d0a33c48951e0df"
  dependencies:
    magic-string "^0.25.1"
    perf-regexes "^1.0.1"
    skip-regex "^1.0.2"

js-levenshtein@^1.1.3:
  version "1.1.6"
  resolved "https://registry.yarnpkg.com/js-levenshtein/-/js-levenshtein-1.1.6.tgz#c6cee58eb3550372df8deb85fad5ce66ce01d59d"

"js-tokens@^3.0.0 || ^4.0.0", js-tokens@^4.0.0:
  version "4.0.0"
  resolved "https://registry.yarnpkg.com/js-tokens/-/js-tokens-4.0.0.tgz#19203fb59991df98e3a287050d4647cdeaf32499"

jsesc@^2.5.1:
  version "2.5.2"
  resolved "https://registry.yarnpkg.com/jsesc/-/jsesc-2.5.2.tgz#80564d2e483dacf6e8ef209650a67df3f0c283a4"

jsesc@~0.5.0:
  version "0.5.0"
  resolved "https://registry.yarnpkg.com/jsesc/-/jsesc-0.5.0.tgz#e7dee66e35d6fc16f710fe91d5cf69f70f08911d"

json5@^2.1.0:
  version "2.1.0"
  resolved "https://registry.yarnpkg.com/json5/-/json5-2.1.0.tgz#e7a0c62c48285c628d20a10b85c89bb807c32850"
  dependencies:
    minimist "^1.2.0"

lodash@^4.17.13:
  version "4.17.15"
  resolved "https://registry.yarnpkg.com/lodash/-/lodash-4.17.15.tgz#b447f6670a0455bbfeedd11392eff330ea097548"

loose-envify@^1.0.0:
  version "1.4.0"
  resolved "https://registry.yarnpkg.com/loose-envify/-/loose-envify-1.4.0.tgz#71ee51fa7be4caec1a63839f7e682d8132d30caf"
  dependencies:
    js-tokens "^3.0.0 || ^4.0.0"

magic-string@^0.25.1, magic-string@^0.25.2:
  version "0.25.3"
  resolved "https://registry.yarnpkg.com/magic-string/-/magic-string-0.25.3.tgz#34b8d2a2c7fec9d9bdf9929a3fd81d271ef35be9"
  dependencies:
    sourcemap-codec "^1.4.4"

minimatch@^3.0.4:
  version "3.0.4"
  resolved "https://registry.yarnpkg.com/minimatch/-/minimatch-3.0.4.tgz#5166e286457f03306064be5497e8dbb0c3d32083"
  dependencies:
    brace-expansion "^1.1.7"

minimist@^1.2.0:
  version "1.2.5"
  resolved "https://registry.yarnpkg.com/minimist/-/minimist-1.2.5.tgz#67d66014b66a6a8aaa0c083c5fd58df4e4e97602"

ms@^2.1.1:
  version "2.1.2"
  resolved "https://registry.yarnpkg.com/ms/-/ms-2.1.2.tgz#d09d1f357b443f493382a8eb3ccd183872ae6009"

node-releases@^1.1.25:
  version "1.1.27"
  resolved "https://registry.yarnpkg.com/node-releases/-/node-releases-1.1.27.tgz#b19ec8add2afe9a826a99dceccc516104c1edaf4"
  dependencies:
    semver "^5.3.0"

object-keys@^1.0.11, object-keys@^1.0.12:
  version "1.1.1"
  resolved "https://registry.yarnpkg.com/object-keys/-/object-keys-1.1.1.tgz#1c47f272df277f3b1daf061677d9c82e2322c60e"

object.assign@^4.1.0:
  version "4.1.0"
  resolved "https://registry.yarnpkg.com/object.assign/-/object.assign-4.1.0.tgz#968bf1100d7956bb3ca086f006f846b3bc4008da"
  dependencies:
    define-properties "^1.1.2"
    function-bind "^1.1.1"
    has-symbols "^1.0.0"
    object-keys "^1.0.11"

once@^1.3.0:
  version "1.4.0"
  resolved "https://registry.yarnpkg.com/once/-/once-1.4.0.tgz#583b1aa775961d4b113ac17d9c50baef9dd76bd1"
  dependencies:
    wrappy "1"

path-is-absolute@^1.0.0:
  version "1.0.1"
  resolved "https://registry.yarnpkg.com/path-is-absolute/-/path-is-absolute-1.0.1.tgz#174b9268735534ffbc7ace6bf53a5a9e1b5c5f5f"

path-parse@^1.0.6:
  version "1.0.6"
  resolved "https://registry.yarnpkg.com/path-parse/-/path-parse-1.0.6.tgz#d62dbb5679405d72c4737ec58600e9ddcf06d24c"

perf-regexes@^1.0.1:
  version "1.0.1"
  resolved "https://registry.yarnpkg.com/perf-regexes/-/perf-regexes-1.0.1.tgz#6da1d62f5a94bf9353a0451bccacf69068b75d0b"

private@^0.1.6:
  version "0.1.8"
  resolved "https://registry.yarnpkg.com/private/-/private-0.1.8.tgz#2381edb3689f7a53d653190060fcf822d2f368ff"

regenerate-unicode-properties@^8.1.0:
  version "8.1.0"
  resolved "https://registry.yarnpkg.com/regenerate-unicode-properties/-/regenerate-unicode-properties-8.1.0.tgz#ef51e0f0ea4ad424b77bf7cb41f3e015c70a3f0e"
  dependencies:
    regenerate "^1.4.0"

regenerate@^1.4.0:
  version "1.4.0"
  resolved "https://registry.yarnpkg.com/regenerate/-/regenerate-1.4.0.tgz#4a856ec4b56e4077c557589cae85e7a4c8869a11"

regenerator-transform@^0.14.0:
  version "0.14.1"
  resolved "https://registry.yarnpkg.com/regenerator-transform/-/regenerator-transform-0.14.1.tgz#3b2fce4e1ab7732c08f665dfdb314749c7ddd2fb"
  dependencies:
    private "^0.1.6"

regexp-tree@^0.1.6:
  version "0.1.11"
  resolved "https://registry.yarnpkg.com/regexp-tree/-/regexp-tree-0.1.11.tgz#c9c7f00fcf722e0a56c7390983a7a63dd6c272f3"

regexpu-core@^4.5.4:
  version "4.5.5"
  resolved "https://registry.yarnpkg.com/regexpu-core/-/regexpu-core-4.5.5.tgz#aaffe61c2af58269b3e516b61a73790376326411"
  dependencies:
    regenerate "^1.4.0"
    regenerate-unicode-properties "^8.1.0"
    regjsgen "^0.5.0"
    regjsparser "^0.6.0"
    unicode-match-property-ecmascript "^1.0.4"
    unicode-match-property-value-ecmascript "^1.1.0"

regjsgen@^0.5.0:
  version "0.5.0"
  resolved "https://registry.yarnpkg.com/regjsgen/-/regjsgen-0.5.0.tgz#a7634dc08f89209c2049adda3525711fb97265dd"

regjsparser@^0.6.0:
  version "0.6.0"
  resolved "https://registry.yarnpkg.com/regjsparser/-/regjsparser-0.6.0.tgz#f1e6ae8b7da2bae96c99399b868cd6c933a2ba9c"
  dependencies:
    jsesc "~0.5.0"

resolve@^1.11.0, resolve@^1.11.1, resolve@^1.3.2:
  version "1.12.0"
  resolved "https://registry.yarnpkg.com/resolve/-/resolve-1.12.0.tgz#3fc644a35c84a48554609ff26ec52b66fa577df6"
  dependencies:
    path-parse "^1.0.6"

rimraf@^2.7.0:
  version "2.7.0"
  resolved "https://registry.yarnpkg.com/rimraf/-/rimraf-2.7.0.tgz#eb43198c5e2fb83b9323abee63bd87836f9a7c85"
  dependencies:
    glob "^7.1.3"

rollup-plugin-babel@^4.3.3:
  version "4.3.3"
  resolved "https://registry.yarnpkg.com/rollup-plugin-babel/-/rollup-plugin-babel-4.3.3.tgz#7eb5ac16d9b5831c3fd5d97e8df77ba25c72a2aa"
  dependencies:
    "@babel/helper-module-imports" "^7.0.0"
    rollup-pluginutils "^2.8.1"

rollup-plugin-cleanup@^3.1.1:
  version "3.1.1"
  resolved "https://registry.yarnpkg.com/rollup-plugin-cleanup/-/rollup-plugin-cleanup-3.1.1.tgz#d012faab5e212b1c4bfa8144ace70fc6ac7b3315"
  dependencies:
    js-cleanup "^1.0.1"
    rollup-pluginutils "^2.3.3"

rollup-plugin-commonjs@^10.0.2:
  version "10.0.2"
  resolved "https://registry.yarnpkg.com/rollup-plugin-commonjs/-/rollup-plugin-commonjs-10.0.2.tgz#61328f3a29945e2c35f2b2e824c18944fd88a54d"
  dependencies:
    estree-walker "^0.6.1"
    is-reference "^1.1.2"
    magic-string "^0.25.2"
    resolve "^1.11.0"
    rollup-pluginutils "^2.8.1"

rollup-plugin-node-resolve@^5.2.0:
  version "5.2.0"
  resolved "https://registry.yarnpkg.com/rollup-plugin-node-resolve/-/rollup-plugin-node-resolve-5.2.0.tgz#730f93d10ed202473b1fb54a5997a7db8c6d8523"
  dependencies:
    "@types/resolve" "0.0.8"
    builtin-modules "^3.1.0"
    is-module "^1.0.0"
    resolve "^1.11.1"
    rollup-pluginutils "^2.8.1"

rollup-pluginutils@^2.3.3, rollup-pluginutils@^2.8.1:
  version "2.8.1"
  resolved "https://registry.yarnpkg.com/rollup-pluginutils/-/rollup-pluginutils-2.8.1.tgz#8fa6dd0697344938ef26c2c09d2488ce9e33ce97"
  dependencies:
    estree-walker "^0.6.1"

rollup@^1.19.4:
  version "1.19.4"
  resolved "https://registry.yarnpkg.com/rollup/-/rollup-1.19.4.tgz#0cb4e4d6fa127adab59b11d0be50e8dd1c78123a"
  dependencies:
    "@types/estree" "0.0.39"
    "@types/node" "^12.6.9"
    acorn "^6.2.1"

safe-buffer@~5.1.1:
  version "5.1.2"
  resolved "https://registry.yarnpkg.com/safe-buffer/-/safe-buffer-5.1.2.tgz#991ec69d296e0313747d59bdfd2b745c35f8828d"

semver@^5.3.0, semver@^5.4.1, semver@^5.5.0:
  version "5.7.1"
  resolved "https://registry.yarnpkg.com/semver/-/semver-5.7.1.tgz#a954f931aeba508d307bbf069eff0c01c96116f7"

semver@^6.3.0:
  version "6.3.0"
  resolved "https://registry.yarnpkg.com/semver/-/semver-6.3.0.tgz#ee0a64c8af5e8ceea67687b133761e1becbd1d3d"

skip-regex@^1.0.2:
  version "1.0.2"
  resolved "https://registry.yarnpkg.com/skip-regex/-/skip-regex-1.0.2.tgz#ac655d77e7c771ac2b9f37585fea37bff56ad65b"

source-map@^0.5.0:
  version "0.5.7"
  resolved "https://registry.yarnpkg.com/source-map/-/source-map-0.5.7.tgz#8a039d2d1021d22d1ea14c80d8ea468ba2ef3fcc"

sourcemap-codec@^1.4.4:
  version "1.4.6"
  resolved "https://registry.yarnpkg.com/sourcemap-codec/-/sourcemap-codec-1.4.6.tgz#e30a74f0402bad09807640d39e971090a08ce1e9"

supports-color@^5.3.0:
  version "5.5.0"
  resolved "https://registry.yarnpkg.com/supports-color/-/supports-color-5.5.0.tgz#e2e69a44ac8772f78a1ec0b35b689df6530efc8f"
  dependencies:
    has-flag "^3.0.0"

to-fast-properties@^2.0.0:
  version "2.0.0"
  resolved "https://registry.yarnpkg.com/to-fast-properties/-/to-fast-properties-2.0.0.tgz#dc5e698cbd079265bc73e0377681a4e4e83f616e"

trim-right@^1.0.1:
  version "1.0.1"
  resolved "https://registry.yarnpkg.com/trim-right/-/trim-right-1.0.1.tgz#cb2e1203067e0c8de1f614094b9fe45704ea6003"

unicode-canonical-property-names-ecmascript@^1.0.4:
  version "1.0.4"
  resolved "https://registry.yarnpkg.com/unicode-canonical-property-names-ecmascript/-/unicode-canonical-property-names-ecmascript-1.0.4.tgz#2619800c4c825800efdd8343af7dd9933cbe2818"

unicode-match-property-ecmascript@^1.0.4:
  version "1.0.4"
  resolved "https://registry.yarnpkg.com/unicode-match-property-ecmascript/-/unicode-match-property-ecmascript-1.0.4.tgz#8ed2a32569961bce9227d09cd3ffbb8fed5f020c"
  dependencies:
    unicode-canonical-property-names-ecmascript "^1.0.4"
    unicode-property-aliases-ecmascript "^1.0.4"

unicode-match-property-value-ecmascript@^1.1.0:
  version "1.1.0"
  resolved "https://registry.yarnpkg.com/unicode-match-property-value-ecmascript/-/unicode-match-property-value-ecmascript-1.1.0.tgz#5b4b426e08d13a80365e0d657ac7a6c1ec46a277"

unicode-property-aliases-ecmascript@^1.0.4:
  version "1.0.5"
  resolved "https://registry.yarnpkg.com/unicode-property-aliases-ecmascript/-/unicode-property-aliases-ecmascript-1.0.5.tgz#a9cc6cc7ce63a0a3023fc99e341b94431d405a57"

wrappy@1:
  version "1.0.2"
  resolved "https://registry.yarnpkg.com/wrappy/-/wrappy-1.0.2.tgz#b5243d8f3ec1aa35f1364605bc0d1036e30ab69f"
